// !$*UTF8*$!
{
	archiveVersion = 1;
	classes = {
	};
	objectVersion = 55;
	objects = {

/* Begin PBXBuildFile section */
		6A2BFFAB29A086FF008F84F9 /* RMGetAllCharactersResponse.swift in Sources */ = {isa = PBXBuildFile; fileRef = 6A2BFFAA29A086FF008F84F9 /* RMGetAllCharactersResponse.swift */; };
		6A2BFFAE29A1065C008F84F9 /* RMCharacterListViewModel.swift in Sources */ = {isa = PBXBuildFile; fileRef = 6A2BFFAD29A1065C008F84F9 /* RMCharacterListViewModel.swift */; };
		6A2BFFB129A106BF008F84F9 /* RMCharacterListView.swift in Sources */ = {isa = PBXBuildFile; fileRef = 6A2BFFB029A106BF008F84F9 /* RMCharacterListView.swift */; };
		6A2BFFB329A11392008F84F9 /* Extensions.swift in Sources */ = {isa = PBXBuildFile; fileRef = 6A2BFFB229A11392008F84F9 /* Extensions.swift */; };
		6A2BFFB529A11987008F84F9 /* RMCharacterCollectionViewCell.swift in Sources */ = {isa = PBXBuildFile; fileRef = 6A2BFFB429A11987008F84F9 /* RMCharacterCollectionViewCell.swift */; };
		6A2BFFB729A11AE2008F84F9 /* RMcharterCollectionViewCellViewModel.swift in Sources */ = {isa = PBXBuildFile; fileRef = 6A2BFFB629A11AE2008F84F9 /* RMcharterCollectionViewCellViewModel.swift */; };
		6A2BFFBA29A1441A008F84F9 /* RMCharacterDetailViewController.swift in Sources */ = {isa = PBXBuildFile; fileRef = 6A2BFFB929A1441A008F84F9 /* RMCharacterDetailViewController.swift */; };
		6A2BFFBC29A14624008F84F9 /* RMCharacterDetailView.swift in Sources */ = {isa = PBXBuildFile; fileRef = 6A2BFFBB29A14624008F84F9 /* RMCharacterDetailView.swift */; };
		6A2BFFBE29A1463F008F84F9 /* RMCharacterDetailViewModel.swift in Sources */ = {isa = PBXBuildFile; fileRef = 6A2BFFBD29A1463F008F84F9 /* RMCharacterDetailViewModel.swift */; };
		6A2BFFC029A14CF4008F84F9 /* RMFooterLoadingCharacterCollectionReusableView.swift in Sources */ = {isa = PBXBuildFile; fileRef = 6A2BFFBF29A14CF4008F84F9 /* RMFooterLoadingCharacterCollectionReusableView.swift */; };
		6A2BFFC229A1DC91008F84F9 /* RMImageLoader.swift in Sources */ = {isa = PBXBuildFile; fileRef = 6A2BFFC129A1DC91008F84F9 /* RMImageLoader.swift */; };
		6A2BFFC629A27CEA008F84F9 /* RMDetailPhotoCollectionViewCell.swift in Sources */ = {isa = PBXBuildFile; fileRef = 6A2BFFC529A27CEA008F84F9 /* RMDetailPhotoCollectionViewCell.swift */; };
		6A2BFFC929A27D0A008F84F9 /* RMDetailInfoCollectionViewCell.swift in Sources */ = {isa = PBXBuildFile; fileRef = 6A2BFFC829A27D0A008F84F9 /* RMDetailInfoCollectionViewCell.swift */; };
		6A2BFFCB29A27D45008F84F9 /* RMDetailEpisodeCollectionViewCell.swift in Sources */ = {isa = PBXBuildFile; fileRef = 6A2BFFCA29A27D45008F84F9 /* RMDetailEpisodeCollectionViewCell.swift */; };
		6A2BFFCE29A27DAB008F84F9 /* RMInfoCellViewModel.swift in Sources */ = {isa = PBXBuildFile; fileRef = 6A2BFFCD29A27DAB008F84F9 /* RMInfoCellViewModel.swift */; };
		6A2BFFD029A27DBB008F84F9 /* RMPhotoCellViewModel.swift in Sources */ = {isa = PBXBuildFile; fileRef = 6A2BFFCF29A27DBB008F84F9 /* RMPhotoCellViewModel.swift */; };
		6A2BFFD229A27DCD008F84F9 /* RMEpisodeCellViewModel.swift in Sources */ = {isa = PBXBuildFile; fileRef = 6A2BFFD129A27DCD008F84F9 /* RMEpisodeCellViewModel.swift */; };
		6A438B7229A67009000E3719 /* RMEpisodeDetailViewController.swift in Sources */ = {isa = PBXBuildFile; fileRef = 6A438B7129A67009000E3719 /* RMEpisodeDetailViewController.swift */; };
		6A438B7429A68E37000E3719 /* RMAPICacheManager.swift in Sources */ = {isa = PBXBuildFile; fileRef = 6A438B7329A68E37000E3719 /* RMAPICacheManager.swift */; };
		6A438B7729A6A579000E3719 /* RMEpisodeDetailViewModel.swift in Sources */ = {isa = PBXBuildFile; fileRef = 6A438B7629A6A579000E3719 /* RMEpisodeDetailViewModel.swift */; };
		6A438B7A29A6A606000E3719 /* RMEpisodeDetailView.swift in Sources */ = {isa = PBXBuildFile; fileRef = 6A438B7929A6A606000E3719 /* RMEpisodeDetailView.swift */; };
		6A438B7D29A6AE1D000E3719 /* RMEpisodeListView.swift in Sources */ = {isa = PBXBuildFile; fileRef = 6A438B7C29A6AE1D000E3719 /* RMEpisodeListView.swift */; };
		6A438B7F29A6B1E4000E3719 /* RMEpisodeListViewViewModel.swift in Sources */ = {isa = PBXBuildFile; fileRef = 6A438B7E29A6B1E4000E3719 /* RMEpisodeListViewViewModel.swift */; };
		6A438B8129A6B5B4000E3719 /* RMGetAllEpisodeResponse.swift in Sources */ = {isa = PBXBuildFile; fileRef = 6A438B8029A6B5B4000E3719 /* RMGetAllEpisodeResponse.swift */; };
		6A438B8329A6F67C000E3719 /* RMSearchViewController.swift in Sources */ = {isa = PBXBuildFile; fileRef = 6A438B8229A6F67C000E3719 /* RMSearchViewController.swift */; };
		6A438B8629A7B07B000E3719 /* RMEpisodeInfoCollectionViewCell.swift in Sources */ = {isa = PBXBuildFile; fileRef = 6A438B8529A7B07B000E3719 /* RMEpisodeInfoCollectionViewCell.swift */; };
		6A438B8829A7B0DD000E3719 /* RMEpisodeInfoCollectionViewCellViewModel.swift in Sources */ = {isa = PBXBuildFile; fileRef = 6A438B8729A7B0DD000E3719 /* RMEpisodeInfoCollectionViewCellViewModel.swift */; };
		6A438B8D29A7ED29000E3719 /* RMSettingsCellViewModel.swift in Sources */ = {isa = PBXBuildFile; fileRef = 6A438B8C29A7ED29000E3719 /* RMSettingsCellViewModel.swift */; };
		6A438B8F29A7ED8C000E3719 /* RMSettingsOption.swift in Sources */ = {isa = PBXBuildFile; fileRef = 6A438B8E29A7ED8C000E3719 /* RMSettingsOption.swift */; };
		6A438B9429A7F450000E3719 /* RMSettingsView.swift in Sources */ = {isa = PBXBuildFile; fileRef = 6A438B9329A7F450000E3719 /* RMSettingsView.swift */; };
		6A438B9629A9B152000E3719 /* RMSettingViewViewModel.swift in Sources */ = {isa = PBXBuildFile; fileRef = 6A438B9529A9B152000E3719 /* RMSettingViewViewModel.swift */; };
		6A438B9829A9B635000E3719 /* RMloactionView.swift in Sources */ = {isa = PBXBuildFile; fileRef = 6A438B9729A9B635000E3719 /* RMloactionView.swift */; };
		6A438B9C29A9C205000E3719 /* RMLocationViewModel.swift in Sources */ = {isa = PBXBuildFile; fileRef = 6A438B9B29A9C205000E3719 /* RMLocationViewModel.swift */; };
		6A438B9E29AA4D30000E3719 /* RMGetAllLocationsResponse.swift in Sources */ = {isa = PBXBuildFile; fileRef = 6A438B9D29AA4D30000E3719 /* RMGetAllLocationsResponse.swift */; };
		6A438BA029AA5035000E3719 /* RMLocationTableViewCell.swift in Sources */ = {isa = PBXBuildFile; fileRef = 6A438B9F29AA5035000E3719 /* RMLocationTableViewCell.swift */; };
		6A438BA229AA50CF000E3719 /* RMLocationTableViewCellViewModel.swift in Sources */ = {isa = PBXBuildFile; fileRef = 6A438BA129AA50CF000E3719 /* RMLocationTableViewCellViewModel.swift */; };
		6A438BA429AA6750000E3719 /* RMLoactionDetailViewController.swift in Sources */ = {isa = PBXBuildFile; fileRef = 6A438BA329AA6750000E3719 /* RMLoactionDetailViewController.swift */; };
		6A438BA829AA7665000E3719 /* RMLocationDetailView.swift in Sources */ = {isa = PBXBuildFile; fileRef = 6A438BA729AA7665000E3719 /* RMLocationDetailView.swift */; };
		6A438BAB29AA773B000E3719 /* RMLocationDetailViewViewModel.swift in Sources */ = {isa = PBXBuildFile; fileRef = 6A438BAA29AA773B000E3719 /* RMLocationDetailViewViewModel.swift */; };
		6A6F6CD6299F0FB600514B4C /* AppDelegate.swift in Sources */ = {isa = PBXBuildFile; fileRef = 6A6F6CD5299F0FB600514B4C /* AppDelegate.swift */; };
		6A6F6CD8299F0FB600514B4C /* SceneDelegate.swift in Sources */ = {isa = PBXBuildFile; fileRef = 6A6F6CD7299F0FB600514B4C /* SceneDelegate.swift */; };
		6A6F6CDA299F0FB600514B4C /* RMTabViewController.swift in Sources */ = {isa = PBXBuildFile; fileRef = 6A6F6CD9299F0FB600514B4C /* RMTabViewController.swift */; };
		6A6F6CDF299F0FB900514B4C /* Assets.xcassets in Resources */ = {isa = PBXBuildFile; fileRef = 6A6F6CDE299F0FB900514B4C /* Assets.xcassets */; };
		6A6F6CE2299F0FB900514B4C /* LaunchScreen.storyboard in Resources */ = {isa = PBXBuildFile; fileRef = 6A6F6CE0299F0FB900514B4C /* LaunchScreen.storyboard */; };
		6A6F6CF4299F137000514B4C /* RMLocation.swift in Sources */ = {isa = PBXBuildFile; fileRef = 6A6F6CF3299F137000514B4C /* RMLocation.swift */; };
		6A6F6CF6299F138F00514B4C /* RMCharacter.swift in Sources */ = {isa = PBXBuildFile; fileRef = 6A6F6CF5299F138F00514B4C /* RMCharacter.swift */; };
		6A6F6CF8299F13B300514B4C /* RMEpisode.swift in Sources */ = {isa = PBXBuildFile; fileRef = 6A6F6CF7299F13B300514B4C /* RMEpisode.swift */; };
		6A6F6CFB299F141C00514B4C /* RMCharacterViewController.swift in Sources */ = {isa = PBXBuildFile; fileRef = 6A6F6CFA299F141C00514B4C /* RMCharacterViewController.swift */; };
		6A6F6CFE299F149400514B4C /* RMLocationViewController.swift in Sources */ = {isa = PBXBuildFile; fileRef = 6A6F6CFD299F149400514B4C /* RMLocationViewController.swift */; };
		6A6F6D00299F14AB00514B4C /* RMEpisodViewController.swift in Sources */ = {isa = PBXBuildFile; fileRef = 6A6F6CFF299F14AB00514B4C /* RMEpisodViewController.swift */; };
		6A6F6D02299F14BB00514B4C /* RMSettingsViewController.swift in Sources */ = {isa = PBXBuildFile; fileRef = 6A6F6D01299F14BB00514B4C /* RMSettingsViewController.swift */; };
		6A6F6D05299F208900514B4C /* RMService.swift in Sources */ = {isa = PBXBuildFile; fileRef = 6A6F6D04299F208900514B4C /* RMService.swift */; };
		6A6F6D07299F20A300514B4C /* RMRequest.swift in Sources */ = {isa = PBXBuildFile; fileRef = 6A6F6D06299F20A300514B4C /* RMRequest.swift */; };
		6A6F6D09299F212D00514B4C /* RMEndpoint.swift in Sources */ = {isa = PBXBuildFile; fileRef = 6A6F6D08299F212D00514B4C /* RMEndpoint.swift */; };
		6A6F6D0D299F2A3600514B4C /* RMsingleLocation.swift in Sources */ = {isa = PBXBuildFile; fileRef = 6A6F6D0C299F2A3600514B4C /* RMsingleLocation.swift */; };
		6A6F6D0F299F2C5F00514B4C /* RMCharacterStatus.swift in Sources */ = {isa = PBXBuildFile; fileRef = 6A6F6D0E299F2C5F00514B4C /* RMCharacterStatus.swift */; };
		6A6F6D11299F2CA200514B4C /* RMCharecterGender.swift in Sources */ = {isa = PBXBuildFile; fileRef = 6A6F6D10299F2CA200514B4C /* RMCharecterGender.swift */; };
/* End PBXBuildFile section */

/* Begin PBXFileReference section */
		6A2BFFAA29A086FF008F84F9 /* RMGetAllCharactersResponse.swift */ = {isa = PBXFileReference; lastKnownFileType = sourcecode.swift; path = RMGetAllCharactersResponse.swift; sourceTree = "<group>"; };
		6A2BFFAD29A1065C008F84F9 /* RMCharacterListViewModel.swift */ = {isa = PBXFileReference; lastKnownFileType = sourcecode.swift; path = RMCharacterListViewModel.swift; sourceTree = "<group>"; };
		6A2BFFB029A106BF008F84F9 /* RMCharacterListView.swift */ = {isa = PBXFileReference; lastKnownFileType = sourcecode.swift; path = RMCharacterListView.swift; sourceTree = "<group>"; };
		6A2BFFB229A11392008F84F9 /* Extensions.swift */ = {isa = PBXFileReference; lastKnownFileType = sourcecode.swift; path = Extensions.swift; sourceTree = "<group>"; };
		6A2BFFB429A11987008F84F9 /* RMCharacterCollectionViewCell.swift */ = {isa = PBXFileReference; lastKnownFileType = sourcecode.swift; path = RMCharacterCollectionViewCell.swift; sourceTree = "<group>"; };
		6A2BFFB629A11AE2008F84F9 /* RMcharterCollectionViewCellViewModel.swift */ = {isa = PBXFileReference; lastKnownFileType = sourcecode.swift; path = RMcharterCollectionViewCellViewModel.swift; sourceTree = "<group>"; };
		6A2BFFB929A1441A008F84F9 /* RMCharacterDetailViewController.swift */ = {isa = PBXFileReference; lastKnownFileType = sourcecode.swift; path = RMCharacterDetailViewController.swift; sourceTree = "<group>"; };
		6A2BFFBB29A14624008F84F9 /* RMCharacterDetailView.swift */ = {isa = PBXFileReference; lastKnownFileType = sourcecode.swift; path = RMCharacterDetailView.swift; sourceTree = "<group>"; };
		6A2BFFBD29A1463F008F84F9 /* RMCharacterDetailViewModel.swift */ = {isa = PBXFileReference; lastKnownFileType = sourcecode.swift; path = RMCharacterDetailViewModel.swift; sourceTree = "<group>"; };
		6A2BFFBF29A14CF4008F84F9 /* RMFooterLoadingCharacterCollectionReusableView.swift */ = {isa = PBXFileReference; lastKnownFileType = sourcecode.swift; path = RMFooterLoadingCharacterCollectionReusableView.swift; sourceTree = "<group>"; };
		6A2BFFC129A1DC91008F84F9 /* RMImageLoader.swift */ = {isa = PBXFileReference; lastKnownFileType = sourcecode.swift; name = RMImageLoader.swift; path = RickMortyApp/Managers/RMImageLoader.swift; sourceTree = SOURCE_ROOT; };
		6A2BFFC529A27CEA008F84F9 /* RMDetailPhotoCollectionViewCell.swift */ = {isa = PBXFileReference; lastKnownFileType = sourcecode.swift; path = RMDetailPhotoCollectionViewCell.swift; sourceTree = "<group>"; };
		6A2BFFC829A27D0A008F84F9 /* RMDetailInfoCollectionViewCell.swift */ = {isa = PBXFileReference; lastKnownFileType = sourcecode.swift; path = RMDetailInfoCollectionViewCell.swift; sourceTree = "<group>"; };
		6A2BFFCA29A27D45008F84F9 /* RMDetailEpisodeCollectionViewCell.swift */ = {isa = PBXFileReference; lastKnownFileType = sourcecode.swift; path = RMDetailEpisodeCollectionViewCell.swift; sourceTree = "<group>"; };
		6A2BFFCD29A27DAB008F84F9 /* RMInfoCellViewModel.swift */ = {isa = PBXFileReference; lastKnownFileType = sourcecode.swift; path = RMInfoCellViewModel.swift; sourceTree = "<group>"; };
		6A2BFFCF29A27DBB008F84F9 /* RMPhotoCellViewModel.swift */ = {isa = PBXFileReference; lastKnownFileType = sourcecode.swift; path = RMPhotoCellViewModel.swift; sourceTree = "<group>"; };
		6A2BFFD129A27DCD008F84F9 /* RMEpisodeCellViewModel.swift */ = {isa = PBXFileReference; lastKnownFileType = sourcecode.swift; path = RMEpisodeCellViewModel.swift; sourceTree = "<group>"; };
		6A438B7129A67009000E3719 /* RMEpisodeDetailViewController.swift */ = {isa = PBXFileReference; lastKnownFileType = sourcecode.swift; path = RMEpisodeDetailViewController.swift; sourceTree = "<group>"; };
		6A438B7329A68E37000E3719 /* RMAPICacheManager.swift */ = {isa = PBXFileReference; lastKnownFileType = sourcecode.swift; path = RMAPICacheManager.swift; sourceTree = "<group>"; };
		6A438B7629A6A579000E3719 /* RMEpisodeDetailViewModel.swift */ = {isa = PBXFileReference; lastKnownFileType = sourcecode.swift; path = RMEpisodeDetailViewModel.swift; sourceTree = "<group>"; };
		6A438B7929A6A606000E3719 /* RMEpisodeDetailView.swift */ = {isa = PBXFileReference; lastKnownFileType = sourcecode.swift; path = RMEpisodeDetailView.swift; sourceTree = "<group>"; };
		6A438B7C29A6AE1D000E3719 /* RMEpisodeListView.swift */ = {isa = PBXFileReference; lastKnownFileType = sourcecode.swift; path = RMEpisodeListView.swift; sourceTree = "<group>"; };
		6A438B7E29A6B1E4000E3719 /* RMEpisodeListViewViewModel.swift */ = {isa = PBXFileReference; lastKnownFileType = sourcecode.swift; path = RMEpisodeListViewViewModel.swift; sourceTree = "<group>"; };
		6A438B8029A6B5B4000E3719 /* RMGetAllEpisodeResponse.swift */ = {isa = PBXFileReference; lastKnownFileType = sourcecode.swift; path = RMGetAllEpisodeResponse.swift; sourceTree = "<group>"; };
		6A438B8229A6F67C000E3719 /* RMSearchViewController.swift */ = {isa = PBXFileReference; lastKnownFileType = sourcecode.swift; path = RMSearchViewController.swift; sourceTree = "<group>"; };
		6A438B8529A7B07B000E3719 /* RMEpisodeInfoCollectionViewCell.swift */ = {isa = PBXFileReference; lastKnownFileType = sourcecode.swift; path = RMEpisodeInfoCollectionViewCell.swift; sourceTree = "<group>"; };
		6A438B8729A7B0DD000E3719 /* RMEpisodeInfoCollectionViewCellViewModel.swift */ = {isa = PBXFileReference; lastKnownFileType = sourcecode.swift; path = RMEpisodeInfoCollectionViewCellViewModel.swift; sourceTree = "<group>"; };
		6A438B8C29A7ED29000E3719 /* RMSettingsCellViewModel.swift */ = {isa = PBXFileReference; lastKnownFileType = sourcecode.swift; path = RMSettingsCellViewModel.swift; sourceTree = "<group>"; };
		6A438B8E29A7ED8C000E3719 /* RMSettingsOption.swift */ = {isa = PBXFileReference; lastKnownFileType = sourcecode.swift; path = RMSettingsOption.swift; sourceTree = "<group>"; };
		6A438B9329A7F450000E3719 /* RMSettingsView.swift */ = {isa = PBXFileReference; lastKnownFileType = sourcecode.swift; path = RMSettingsView.swift; sourceTree = "<group>"; };
		6A438B9529A9B152000E3719 /* RMSettingViewViewModel.swift */ = {isa = PBXFileReference; fileEncoding = 4; lastKnownFileType = sourcecode.swift; path = RMSettingViewViewModel.swift; sourceTree = "<group>"; };
		6A438B9729A9B635000E3719 /* RMloactionView.swift */ = {isa = PBXFileReference; lastKnownFileType = sourcecode.swift; path = RMloactionView.swift; sourceTree = "<group>"; };
		6A438B9B29A9C205000E3719 /* RMLocationViewModel.swift */ = {isa = PBXFileReference; lastKnownFileType = sourcecode.swift; path = RMLocationViewModel.swift; sourceTree = "<group>"; };
		6A438B9D29AA4D30000E3719 /* RMGetAllLocationsResponse.swift */ = {isa = PBXFileReference; lastKnownFileType = sourcecode.swift; path = RMGetAllLocationsResponse.swift; sourceTree = "<group>"; };
		6A438B9F29AA5035000E3719 /* RMLocationTableViewCell.swift */ = {isa = PBXFileReference; lastKnownFileType = sourcecode.swift; path = RMLocationTableViewCell.swift; sourceTree = "<group>"; };
		6A438BA129AA50CF000E3719 /* RMLocationTableViewCellViewModel.swift */ = {isa = PBXFileReference; lastKnownFileType = sourcecode.swift; path = RMLocationTableViewCellViewModel.swift; sourceTree = "<group>"; };
		6A438BA329AA6750000E3719 /* RMLoactionDetailViewController.swift */ = {isa = PBXFileReference; lastKnownFileType = sourcecode.swift; path = RMLoactionDetailViewController.swift; sourceTree = "<group>"; };
		6A438BA729AA7665000E3719 /* RMLocationDetailView.swift */ = {isa = PBXFileReference; lastKnownFileType = sourcecode.swift; path = RMLocationDetailView.swift; sourceTree = "<group>"; };
		6A438BAA29AA773B000E3719 /* RMLocationDetailViewViewModel.swift */ = {isa = PBXFileReference; lastKnownFileType = sourcecode.swift; path = RMLocationDetailViewViewModel.swift; sourceTree = "<group>"; };
		6A6F6CD2299F0FB600514B4C /* RickMortyApp.app */ = {isa = PBXFileReference; explicitFileType = wrapper.application; includeInIndex = 0; path = RickMortyApp.app; sourceTree = BUILT_PRODUCTS_DIR; };
		6A6F6CD5299F0FB600514B4C /* AppDelegate.swift */ = {isa = PBXFileReference; lastKnownFileType = sourcecode.swift; path = AppDelegate.swift; sourceTree = "<group>"; };
		6A6F6CD7299F0FB600514B4C /* SceneDelegate.swift */ = {isa = PBXFileReference; lastKnownFileType = sourcecode.swift; path = SceneDelegate.swift; sourceTree = "<group>"; };
		6A6F6CD9299F0FB600514B4C /* RMTabViewController.swift */ = {isa = PBXFileReference; lastKnownFileType = sourcecode.swift; path = RMTabViewController.swift; sourceTree = "<group>"; };
		6A6F6CDE299F0FB900514B4C /* Assets.xcassets */ = {isa = PBXFileReference; lastKnownFileType = folder.assetcatalog; path = Assets.xcassets; sourceTree = "<group>"; };
		6A6F6CE1299F0FB900514B4C /* Base */ = {isa = PBXFileReference; lastKnownFileType = file.storyboard; name = Base; path = Base.lproj/LaunchScreen.storyboard; sourceTree = "<group>"; };
		6A6F6CE3299F0FB900514B4C /* Info.plist */ = {isa = PBXFileReference; lastKnownFileType = text.plist.xml; path = Info.plist; sourceTree = "<group>"; };
		6A6F6CF3299F137000514B4C /* RMLocation.swift */ = {isa = PBXFileReference; lastKnownFileType = sourcecode.swift; path = RMLocation.swift; sourceTree = "<group>"; };
		6A6F6CF5299F138F00514B4C /* RMCharacter.swift */ = {isa = PBXFileReference; lastKnownFileType = sourcecode.swift; path = RMCharacter.swift; sourceTree = "<group>"; };
		6A6F6CF7299F13B300514B4C /* RMEpisode.swift */ = {isa = PBXFileReference; lastKnownFileType = sourcecode.swift; path = RMEpisode.swift; sourceTree = "<group>"; };
		6A6F6CFA299F141C00514B4C /* RMCharacterViewController.swift */ = {isa = PBXFileReference; lastKnownFileType = sourcecode.swift; path = RMCharacterViewController.swift; sourceTree = "<group>"; };
		6A6F6CFD299F149400514B4C /* RMLocationViewController.swift */ = {isa = PBXFileReference; lastKnownFileType = sourcecode.swift; path = RMLocationViewController.swift; sourceTree = "<group>"; };
		6A6F6CFF299F14AB00514B4C /* RMEpisodViewController.swift */ = {isa = PBXFileReference; lastKnownFileType = sourcecode.swift; path = RMEpisodViewController.swift; sourceTree = "<group>"; };
		6A6F6D01299F14BB00514B4C /* RMSettingsViewController.swift */ = {isa = PBXFileReference; lastKnownFileType = sourcecode.swift; path = RMSettingsViewController.swift; sourceTree = "<group>"; };
		6A6F6D04299F208900514B4C /* RMService.swift */ = {isa = PBXFileReference; lastKnownFileType = sourcecode.swift; path = RMService.swift; sourceTree = "<group>"; };
		6A6F6D06299F20A300514B4C /* RMRequest.swift */ = {isa = PBXFileReference; lastKnownFileType = sourcecode.swift; path = RMRequest.swift; sourceTree = "<group>"; };
		6A6F6D08299F212D00514B4C /* RMEndpoint.swift */ = {isa = PBXFileReference; lastKnownFileType = sourcecode.swift; path = RMEndpoint.swift; sourceTree = "<group>"; };
		6A6F6D0C299F2A3600514B4C /* RMsingleLocation.swift */ = {isa = PBXFileReference; lastKnownFileType = sourcecode.swift; path = RMsingleLocation.swift; sourceTree = "<group>"; };
		6A6F6D0E299F2C5F00514B4C /* RMCharacterStatus.swift */ = {isa = PBXFileReference; lastKnownFileType = sourcecode.swift; path = RMCharacterStatus.swift; sourceTree = "<group>"; };
		6A6F6D10299F2CA200514B4C /* RMCharecterGender.swift */ = {isa = PBXFileReference; lastKnownFileType = sourcecode.swift; path = RMCharecterGender.swift; sourceTree = "<group>"; };
/* End PBXFileReference section */

/* Begin PBXFrameworksBuildPhase section */
		6A6F6CCF299F0FB600514B4C /* Frameworks */ = {
			isa = PBXFrameworksBuildPhase;
			buildActionMask = 2147483647;
			files = (
			);
			runOnlyForDeploymentPostprocessing = 0;
		};
/* End PBXFrameworksBuildPhase section */

/* Begin PBXGroup section */
		6A2BFFA829A086A7008F84F9 /* DataTypes */ = {
			isa = PBXGroup;
			children = (
				6A6F6CF3299F137000514B4C /* RMLocation.swift */,
				6A6F6CF5299F138F00514B4C /* RMCharacter.swift */,
				6A6F6CF7299F13B300514B4C /* RMEpisode.swift */,
				6A6F6D0C299F2A3600514B4C /* RMsingleLocation.swift */,
				6A6F6D0E299F2C5F00514B4C /* RMCharacterStatus.swift */,
				6A6F6D10299F2CA200514B4C /* RMCharecterGender.swift */,
			);
			path = DataTypes;
			sourceTree = "<group>";
		};
		6A2BFFA929A086C6008F84F9 /* APIResponseTypes */ = {
			isa = PBXGroup;
			children = (
				6A2BFFAA29A086FF008F84F9 /* RMGetAllCharactersResponse.swift */,
				6A438B9D29AA4D30000E3719 /* RMGetAllLocationsResponse.swift */,
				6A438B8029A6B5B4000E3719 /* RMGetAllEpisodeResponse.swift */,
			);
			path = APIResponseTypes;
			sourceTree = "<group>";
		};
		6A2BFFB829A143F5008F84F9 /* Others */ = {
			isa = PBXGroup;
			children = (
				6A2BFFB929A1441A008F84F9 /* RMCharacterDetailViewController.swift */,
				6A438B7129A67009000E3719 /* RMEpisodeDetailViewController.swift */,
				6A438B8229A6F67C000E3719 /* RMSearchViewController.swift */,
				6A438BA329AA6750000E3719 /* RMLoactionDetailViewController.swift */,
			);
			path = Others;
			sourceTree = "<group>";
		};
		6A2BFFC329A27C6B008F84F9 /* CharacterDetails */ = {
			isa = PBXGroup;
			children = (
				6A2BFFBB29A14624008F84F9 /* RMCharacterDetailView.swift */,
				6A2BFFC529A27CEA008F84F9 /* RMDetailPhotoCollectionViewCell.swift */,
				6A2BFFC829A27D0A008F84F9 /* RMDetailInfoCollectionViewCell.swift */,
				6A2BFFCA29A27D45008F84F9 /* RMDetailEpisodeCollectionViewCell.swift */,
			);
			path = CharacterDetails;
			sourceTree = "<group>";
		};
		6A2BFFC429A27C92008F84F9 /* Character */ = {
			isa = PBXGroup;
			children = (
				6A2BFFBF29A14CF4008F84F9 /* RMFooterLoadingCharacterCollectionReusableView.swift */,
				6A2BFFB029A106BF008F84F9 /* RMCharacterListView.swift */,
				6A2BFFB429A11987008F84F9 /* RMCharacterCollectionViewCell.swift */,
			);
			path = Character;
			sourceTree = "<group>";
		};
		6A2BFFCC29A27D6A008F84F9 /* CharacterDetail */ = {
			isa = PBXGroup;
			children = (
				6A2BFFBD29A1463F008F84F9 /* RMCharacterDetailViewModel.swift */,
				6A2BFFCF29A27DBB008F84F9 /* RMPhotoCellViewModel.swift */,
				6A2BFFCD29A27DAB008F84F9 /* RMInfoCellViewModel.swift */,
				6A2BFFD129A27DCD008F84F9 /* RMEpisodeCellViewModel.swift */,
				6A438B7E29A6B1E4000E3719 /* RMEpisodeListViewViewModel.swift */,
			);
			path = CharacterDetail;
			sourceTree = "<group>";
		};
		6A438B7529A6A554000E3719 /* EpisodeDetail */ = {
			isa = PBXGroup;
			children = (
				6A438B7629A6A579000E3719 /* RMEpisodeDetailViewModel.swift */,
				6A438B8729A7B0DD000E3719 /* RMEpisodeInfoCollectionViewCellViewModel.swift */,
			);
			path = EpisodeDetail;
			sourceTree = "<group>";
		};
		6A438B7829A6A5E2000E3719 /* RMEpisodeDetailView */ = {
			isa = PBXGroup;
			children = (
				6A438B7929A6A606000E3719 /* RMEpisodeDetailView.swift */,
				6A438B8529A7B07B000E3719 /* RMEpisodeInfoCollectionViewCell.swift */,
			);
			path = RMEpisodeDetailView;
			sourceTree = "<group>";
		};
		6A438B7B29A6ADE5000E3719 /* Episode */ = {
			isa = PBXGroup;
			children = (
				6A438B7C29A6AE1D000E3719 /* RMEpisodeListView.swift */,
			);
			path = Episode;
			sourceTree = "<group>";
		};
		6A438B8929A7ECD6000E3719 /* Settings */ = {
			isa = PBXGroup;
			children = (
				6A438B8C29A7ED29000E3719 /* RMSettingsCellViewModel.swift */,
				6A438B8E29A7ED8C000E3719 /* RMSettingsOption.swift */,
				6A438B9529A9B152000E3719 /* RMSettingViewViewModel.swift */,
			);
			path = Settings;
			sourceTree = "<group>";
		};
		6A438B9029A7F388000E3719 /* SwiftUI */ = {
			isa = PBXGroup;
			children = (
				6A438B9329A7F450000E3719 /* RMSettingsView.swift */,
			);
			path = SwiftUI;
			sourceTree = "<group>";
		};
		6A438B9929A9B640000E3719 /* RMLocationView */ = {
			isa = PBXGroup;
			children = (
				6A438B9729A9B635000E3719 /* RMloactionView.swift */,
				6A438B9F29AA5035000E3719 /* RMLocationTableViewCell.swift */,
			);
			path = RMLocationView;
			sourceTree = "<group>";
		};
		6A438B9A29A9C1E6000E3719 /* LocationViewModel */ = {
			isa = PBXGroup;
			children = (
				6A438B9B29A9C205000E3719 /* RMLocationViewModel.swift */,
				6A438BA129AA50CF000E3719 /* RMLocationTableViewCellViewModel.swift */,
			);
			path = LocationViewModel;
			sourceTree = "<group>";
		};
		6A438BA629AA764A000E3719 /* LocationDetailView */ = {
			isa = PBXGroup;
			children = (
				6A438BA729AA7665000E3719 /* RMLocationDetailView.swift */,
			);
			path = LocationDetailView;
			sourceTree = "<group>";
		};
		6A438BA929AA7725000E3719 /* LocationDetailViewModel */ = {
			isa = PBXGroup;
			children = (
				6A438BAA29AA773B000E3719 /* RMLocationDetailViewViewModel.swift */,
			);
			path = LocationDetailViewModel;
			sourceTree = "<group>";
		};
		6A6F6CC9299F0FB600514B4C = {
			isa = PBXGroup;
			children = (
				6A6F6CD4299F0FB600514B4C /* RickMortyApp */,
				6A6F6CD3299F0FB600514B4C /* Products */,
			);
			sourceTree = "<group>";
		};
		6A6F6CD3299F0FB600514B4C /* Products */ = {
			isa = PBXGroup;
			children = (
				6A6F6CD2299F0FB600514B4C /* RickMortyApp.app */,
			);
			name = Products;
			sourceTree = "<group>";
		};
		6A6F6CD4299F0FB600514B4C /* RickMortyApp */ = {
			isa = PBXGroup;
			children = (
				6A6F6CF2299F12EE00514B4C /* Resources */,
				6A6F6CF0299F121600514B4C /* APIClient */,
				6A6F6CEF299F11FD00514B4C /* Managers */,
				6A6F6CEE299F11EF00514B4C /* ViewModels */,
				6A438B7529A6A554000E3719 /* EpisodeDetail */,
				6A6F6CEB299F118700514B4C /* Model */,
				6A6F6CEA299F117900514B4C /* Views */,
				6A6F6CE9299F116400514B4C /* Controllers */,
				6A6F6CE3299F0FB900514B4C /* Info.plist */,
			);
			path = RickMortyApp;
			sourceTree = "<group>";
		};
		6A6F6CE9299F116400514B4C /* Controllers */ = {
			isa = PBXGroup;
			children = (
				6A2BFFB829A143F5008F84F9 /* Others */,
				6A6F6CF9299F13ED00514B4C /* Core */,
			);
			path = Controllers;
			sourceTree = "<group>";
		};
		6A6F6CEA299F117900514B4C /* Views */ = {
			isa = PBXGroup;
			children = (
				6A438BA629AA764A000E3719 /* LocationDetailView */,
				6A438B9029A7F388000E3719 /* SwiftUI */,
				6A438B7B29A6ADE5000E3719 /* Episode */,
				6A438B7829A6A5E2000E3719 /* RMEpisodeDetailView */,
				6A2BFFC329A27C6B008F84F9 /* CharacterDetails */,
				6A2BFFC429A27C92008F84F9 /* Character */,
				6A438B9929A9B640000E3719 /* RMLocationView */,
			);
			path = Views;
			sourceTree = "<group>";
		};
		6A6F6CEB299F118700514B4C /* Model */ = {
			isa = PBXGroup;
			children = (
				6A2BFFA929A086C6008F84F9 /* APIResponseTypes */,
				6A2BFFA829A086A7008F84F9 /* DataTypes */,
			);
			path = Model;
			sourceTree = "<group>";
		};
		6A6F6CEE299F11EF00514B4C /* ViewModels */ = {
			isa = PBXGroup;
			children = (
				6A438BA929AA7725000E3719 /* LocationDetailViewModel */,
				6A438B9A29A9C1E6000E3719 /* LocationViewModel */,
				6A2BFFAD29A1065C008F84F9 /* RMCharacterListViewModel.swift */,
				6A2BFFB629A11AE2008F84F9 /* RMcharterCollectionViewCellViewModel.swift */,
				6A2BFFCC29A27D6A008F84F9 /* CharacterDetail */,
				6A438B8929A7ECD6000E3719 /* Settings */,
			);
			path = ViewModels;
			sourceTree = "<group>";
		};
		6A6F6CEF299F11FD00514B4C /* Managers */ = {
			isa = PBXGroup;
			children = (
				6A2BFFC129A1DC91008F84F9 /* RMImageLoader.swift */,
				6A438B7329A68E37000E3719 /* RMAPICacheManager.swift */,
			);
			path = Managers;
			sourceTree = "<group>";
		};
		6A6F6CF0299F121600514B4C /* APIClient */ = {
			isa = PBXGroup;
			children = (
				6A6F6D04299F208900514B4C /* RMService.swift */,
				6A6F6D06299F20A300514B4C /* RMRequest.swift */,
				6A6F6D08299F212D00514B4C /* RMEndpoint.swift */,
			);
			path = APIClient;
			sourceTree = "<group>";
		};
		6A6F6CF2299F12EE00514B4C /* Resources */ = {
			isa = PBXGroup;
			children = (
				6A6F6CDE299F0FB900514B4C /* Assets.xcassets */,
				6A6F6CE0299F0FB900514B4C /* LaunchScreen.storyboard */,
				6A6F6CD5299F0FB600514B4C /* AppDelegate.swift */,
				6A6F6CD7299F0FB600514B4C /* SceneDelegate.swift */,
				6A2BFFB229A11392008F84F9 /* Extensions.swift */,
			);
			path = Resources;
			sourceTree = "<group>";
		};
		6A6F6CF9299F13ED00514B4C /* Core */ = {
			isa = PBXGroup;
			children = (
				6A6F6CFA299F141C00514B4C /* RMCharacterViewController.swift */,
				6A6F6CFD299F149400514B4C /* RMLocationViewController.swift */,
				6A6F6CFF299F14AB00514B4C /* RMEpisodViewController.swift */,
				6A6F6D01299F14BB00514B4C /* RMSettingsViewController.swift */,
				6A6F6CD9299F0FB600514B4C /* RMTabViewController.swift */,
			);
			path = Core;
			sourceTree = "<group>";
		};
/* End PBXGroup section */

/* Begin PBXNativeTarget section */
		6A6F6CD1299F0FB600514B4C /* RickMortyApp */ = {
			isa = PBXNativeTarget;
			buildConfigurationList = 6A6F6CE6299F0FB900514B4C /* Build configuration list for PBXNativeTarget "RickMortyApp" */;
			buildPhases = (
				6A6F6CCE299F0FB600514B4C /* Sources */,
				6A6F6CCF299F0FB600514B4C /* Frameworks */,
				6A6F6CD0299F0FB600514B4C /* Resources */,
			);
			buildRules = (
			);
			dependencies = (
			);
			name = RickMortyApp;
			productName = RickMortyApp;
			productReference = 6A6F6CD2299F0FB600514B4C /* RickMortyApp.app */;
			productType = "com.apple.product-type.application";
		};
/* End PBXNativeTarget section */

/* Begin PBXProject section */
		6A6F6CCA299F0FB600514B4C /* Project object */ = {
			isa = PBXProject;
			attributes = {
				BuildIndependentTargetsInParallel = 1;
				LastSwiftUpdateCheck = 1300;
				LastUpgradeCheck = 1300;
				TargetAttributes = {
					6A6F6CD1299F0FB600514B4C = {
						CreatedOnToolsVersion = 13.0;
					};
				};
			};
			buildConfigurationList = 6A6F6CCD299F0FB600514B4C /* Build configuration list for PBXProject "RickMortyApp" */;
			compatibilityVersion = "Xcode 13.0";
			developmentRegion = en;
			hasScannedForEncodings = 0;
			knownRegions = (
				en,
				Base,
			);
			mainGroup = 6A6F6CC9299F0FB600514B4C;
			productRefGroup = 6A6F6CD3299F0FB600514B4C /* Products */;
			projectDirPath = "";
			projectRoot = "";
			targets = (
				6A6F6CD1299F0FB600514B4C /* RickMortyApp */,
			);
		};
/* End PBXProject section */

/* Begin PBXResourcesBuildPhase section */
		6A6F6CD0299F0FB600514B4C /* Resources */ = {
			isa = PBXResourcesBuildPhase;
			buildActionMask = 2147483647;
			files = (
				6A6F6CE2299F0FB900514B4C /* LaunchScreen.storyboard in Resources */,
				6A6F6CDF299F0FB900514B4C /* Assets.xcassets in Resources */,
			);
			runOnlyForDeploymentPostprocessing = 0;
		};
/* End PBXResourcesBuildPhase section */

/* Begin PBXSourcesBuildPhase section */
		6A6F6CCE299F0FB600514B4C /* Sources */ = {
			isa = PBXSourcesBuildPhase;
			buildActionMask = 2147483647;
			files = (
				6A6F6CFE299F149400514B4C /* RMLocationViewController.swift in Sources */,
				6A6F6CF8299F13B300514B4C /* RMEpisode.swift in Sources */,
				6A438B8F29A7ED8C000E3719 /* RMSettingsOption.swift in Sources */,
				6A438B8329A6F67C000E3719 /* RMSearchViewController.swift in Sources */,
				6A438B8D29A7ED29000E3719 /* RMSettingsCellViewModel.swift in Sources */,
				6A2BFFD229A27DCD008F84F9 /* RMEpisodeCellViewModel.swift in Sources */,
				6A2BFFBE29A1463F008F84F9 /* RMCharacterDetailViewModel.swift in Sources */,
				6A2BFFC229A1DC91008F84F9 /* RMImageLoader.swift in Sources */,
				6A2BFFC929A27D0A008F84F9 /* RMDetailInfoCollectionViewCell.swift in Sources */,
				6A438B9E29AA4D30000E3719 /* RMGetAllLocationsResponse.swift in Sources */,
				6A6F6CDA299F0FB600514B4C /* RMTabViewController.swift in Sources */,
				6A6F6CD6299F0FB600514B4C /* AppDelegate.swift in Sources */,
				6A438B7229A67009000E3719 /* RMEpisodeDetailViewController.swift in Sources */,
				6A2BFFAE29A1065C008F84F9 /* RMCharacterListViewModel.swift in Sources */,
				6A438B7A29A6A606000E3719 /* RMEpisodeDetailView.swift in Sources */,
				6A6F6CD8299F0FB600514B4C /* SceneDelegate.swift in Sources */,
				6A6F6D0F299F2C5F00514B4C /* RMCharacterStatus.swift in Sources */,
				6A438B7D29A6AE1D000E3719 /* RMEpisodeListView.swift in Sources */,
				6A2BFFB129A106BF008F84F9 /* RMCharacterListView.swift in Sources */,
				6A438B9829A9B635000E3719 /* RMloactionView.swift in Sources */,
				6A438BAB29AA773B000E3719 /* RMLocationDetailViewViewModel.swift in Sources */,
				6A438B7429A68E37000E3719 /* RMAPICacheManager.swift in Sources */,
				6A2BFFBC29A14624008F84F9 /* RMCharacterDetailView.swift in Sources */,
				6A438B9C29A9C205000E3719 /* RMLocationViewModel.swift in Sources */,
				6A2BFFC029A14CF4008F84F9 /* RMFooterLoadingCharacterCollectionReusableView.swift in Sources */,
				6A438B8829A7B0DD000E3719 /* RMEpisodeInfoCollectionViewCellViewModel.swift in Sources */,
				6A6F6D00299F14AB00514B4C /* RMEpisodViewController.swift in Sources */,
				6A6F6D11299F2CA200514B4C /* RMCharecterGender.swift in Sources */,
				6A2BFFC629A27CEA008F84F9 /* RMDetailPhotoCollectionViewCell.swift in Sources */,
				6A2BFFB729A11AE2008F84F9 /* RMcharterCollectionViewCellViewModel.swift in Sources */,
				6A6F6D02299F14BB00514B4C /* RMSettingsViewController.swift in Sources */,
				6A6F6D0D299F2A3600514B4C /* RMsingleLocation.swift in Sources */,
				6A2BFFAB29A086FF008F84F9 /* RMGetAllCharactersResponse.swift in Sources */,
				6A438BA429AA6750000E3719 /* RMLoactionDetailViewController.swift in Sources */,
				6A6F6D05299F208900514B4C /* RMService.swift in Sources */,
				6A6F6CF4299F137000514B4C /* RMLocation.swift in Sources */,
				6A438BA029AA5035000E3719 /* RMLocationTableViewCell.swift in Sources */,
				6A2BFFCB29A27D45008F84F9 /* RMDetailEpisodeCollectionViewCell.swift in Sources */,
				6A2BFFB329A11392008F84F9 /* Extensions.swift in Sources */,
				6A2BFFCE29A27DAB008F84F9 /* RMInfoCellViewModel.swift in Sources */,
				6A6F6D09299F212D00514B4C /* RMEndpoint.swift in Sources */,
				6A2BFFBA29A1441A008F84F9 /* RMCharacterDetailViewController.swift in Sources */,
				6A438B8129A6B5B4000E3719 /* RMGetAllEpisodeResponse.swift in Sources */,
				6A438B9429A7F450000E3719 /* RMSettingsView.swift in Sources */,
				6A438BA829AA7665000E3719 /* RMLocationDetailView.swift in Sources */,
				6A2BFFB529A11987008F84F9 /* RMCharacterCollectionViewCell.swift in Sources */,
				6A6F6CF6299F138F00514B4C /* RMCharacter.swift in Sources */,
				6A438B9629A9B152000E3719 /* RMSettingViewViewModel.swift in Sources */,
				6A438B7729A6A579000E3719 /* RMEpisodeDetailViewModel.swift in Sources */,
				6A6F6D07299F20A300514B4C /* RMRequest.swift in Sources */,
				6A6F6CFB299F141C00514B4C /* RMCharacterViewController.swift in Sources */,
				6A438B8629A7B07B000E3719 /* RMEpisodeInfoCollectionViewCell.swift in Sources */,
				6A438BA229AA50CF000E3719 /* RMLocationTableViewCellViewModel.swift in Sources */,
				6A438B7F29A6B1E4000E3719 /* RMEpisodeListViewViewModel.swift in Sources */,
				6A2BFFD029A27DBB008F84F9 /* RMPhotoCellViewModel.swift in Sources */,
			);
			runOnlyForDeploymentPostprocessing = 0;
		};
/* End PBXSourcesBuildPhase section */

/* Begin PBXVariantGroup section */
		6A6F6CE0299F0FB900514B4C /* LaunchScreen.storyboard */ = {
			isa = PBXVariantGroup;
			children = (
				6A6F6CE1299F0FB900514B4C /* Base */,
			);
			name = LaunchScreen.storyboard;
			sourceTree = "<group>";
		};
/* End PBXVariantGroup section */

/* Begin XCBuildConfiguration section */
		6A6F6CE4299F0FB900514B4C /* Debug */ = {
			isa = XCBuildConfiguration;
			buildSettings = {
				ALWAYS_SEARCH_USER_PATHS = NO;
				CLANG_ANALYZER_NONNULL = YES;
				CLANG_ANALYZER_NUMBER_OBJECT_CONVERSION = YES_AGGRESSIVE;
				CLANG_CXX_LANGUAGE_STANDARD = "gnu++17";
				CLANG_CXX_LIBRARY = "libc++";
				CLANG_ENABLE_MODULES = YES;
				CLANG_ENABLE_OBJC_ARC = YES;
				CLANG_ENABLE_OBJC_WEAK = YES;
				CLANG_WARN_BLOCK_CAPTURE_AUTORELEASING = YES;
				CLANG_WARN_BOOL_CONVERSION = YES;
				CLANG_WARN_COMMA = YES;
				CLANG_WARN_CONSTANT_CONVERSION = YES;
				CLANG_WARN_DEPRECATED_OBJC_IMPLEMENTATIONS = YES;
				CLANG_WARN_DIRECT_OBJC_ISA_USAGE = YES_ERROR;
				CLANG_WARN_DOCUMENTATION_COMMENTS = YES;
				CLANG_WARN_EMPTY_BODY = YES;
				CLANG_WARN_ENUM_CONVERSION = YES;
				CLANG_WARN_INFINITE_RECURSION = YES;
				CLANG_WARN_INT_CONVERSION = YES;
				CLANG_WARN_NON_LITERAL_NULL_CONVERSION = YES;
				CLANG_WARN_OBJC_IMPLICIT_RETAIN_SELF = YES;
				CLANG_WARN_OBJC_LITERAL_CONVERSION = YES;
				CLANG_WARN_OBJC_ROOT_CLASS = YES_ERROR;
				CLANG_WARN_QUOTED_INCLUDE_IN_FRAMEWORK_HEADER = YES;
				CLANG_WARN_RANGE_LOOP_ANALYSIS = YES;
				CLANG_WARN_STRICT_PROTOTYPES = YES;
				CLANG_WARN_SUSPICIOUS_MOVE = YES;
				CLANG_WARN_UNGUARDED_AVAILABILITY = YES_AGGRESSIVE;
				CLANG_WARN_UNREACHABLE_CODE = YES;
				CLANG_WARN__DUPLICATE_METHOD_MATCH = YES;
				COPY_PHASE_STRIP = NO;
				DEBUG_INFORMATION_FORMAT = dwarf;
				ENABLE_STRICT_OBJC_MSGSEND = YES;
				ENABLE_TESTABILITY = YES;
				GCC_C_LANGUAGE_STANDARD = gnu11;
				GCC_DYNAMIC_NO_PIC = NO;
				GCC_NO_COMMON_BLOCKS = YES;
				GCC_OPTIMIZATION_LEVEL = 0;
				GCC_PREPROCESSOR_DEFINITIONS = (
					"DEBUG=1",
					"$(inherited)",
				);
				GCC_WARN_64_TO_32_BIT_CONVERSION = YES;
				GCC_WARN_ABOUT_RETURN_TYPE = YES_ERROR;
				GCC_WARN_UNDECLARED_SELECTOR = YES;
				GCC_WARN_UNINITIALIZED_AUTOS = YES_AGGRESSIVE;
				GCC_WARN_UNUSED_FUNCTION = YES;
				GCC_WARN_UNUSED_VARIABLE = YES;
				IPHONEOS_DEPLOYMENT_TARGET = 14.0;
				MTL_ENABLE_DEBUG_INFO = INCLUDE_SOURCE;
				MTL_FAST_MATH = YES;
				ONLY_ACTIVE_ARCH = YES;
				SDKROOT = iphoneos;
				SWIFT_ACTIVE_COMPILATION_CONDITIONS = DEBUG;
				SWIFT_OPTIMIZATION_LEVEL = "-Onone";
			};
			name = Debug;
		};
		6A6F6CE5299F0FB900514B4C /* Release */ = {
			isa = XCBuildConfiguration;
			buildSettings = {
				ALWAYS_SEARCH_USER_PATHS = NO;
				CLANG_ANALYZER_NONNULL = YES;
				CLANG_ANALYZER_NUMBER_OBJECT_CONVERSION = YES_AGGRESSIVE;
				CLANG_CXX_LANGUAGE_STANDARD = "gnu++17";
				CLANG_CXX_LIBRARY = "libc++";
				CLANG_ENABLE_MODULES = YES;
				CLANG_ENABLE_OBJC_ARC = YES;
				CLANG_ENABLE_OBJC_WEAK = YES;
				CLANG_WARN_BLOCK_CAPTURE_AUTORELEASING = YES;
				CLANG_WARN_BOOL_CONVERSION = YES;
				CLANG_WARN_COMMA = YES;
				CLANG_WARN_CONSTANT_CONVERSION = YES;
				CLANG_WARN_DEPRECATED_OBJC_IMPLEMENTATIONS = YES;
				CLANG_WARN_DIRECT_OBJC_ISA_USAGE = YES_ERROR;
				CLANG_WARN_DOCUMENTATION_COMMENTS = YES;
				CLANG_WARN_EMPTY_BODY = YES;
				CLANG_WARN_ENUM_CONVERSION = YES;
				CLANG_WARN_INFINITE_RECURSION = YES;
				CLANG_WARN_INT_CONVERSION = YES;
				CLANG_WARN_NON_LITERAL_NULL_CONVERSION = YES;
				CLANG_WARN_OBJC_IMPLICIT_RETAIN_SELF = YES;
				CLANG_WARN_OBJC_LITERAL_CONVERSION = YES;
				CLANG_WARN_OBJC_ROOT_CLASS = YES_ERROR;
				CLANG_WARN_QUOTED_INCLUDE_IN_FRAMEWORK_HEADER = YES;
				CLANG_WARN_RANGE_LOOP_ANALYSIS = YES;
				CLANG_WARN_STRICT_PROTOTYPES = YES;
				CLANG_WARN_SUSPICIOUS_MOVE = YES;
				CLANG_WARN_UNGUARDED_AVAILABILITY = YES_AGGRESSIVE;
				CLANG_WARN_UNREACHABLE_CODE = YES;
				CLANG_WARN__DUPLICATE_METHOD_MATCH = YES;
				COPY_PHASE_STRIP = NO;
				DEBUG_INFORMATION_FORMAT = "dwarf-with-dsym";
				ENABLE_NS_ASSERTIONS = NO;
				ENABLE_STRICT_OBJC_MSGSEND = YES;
				GCC_C_LANGUAGE_STANDARD = gnu11;
				GCC_NO_COMMON_BLOCKS = YES;
				GCC_WARN_64_TO_32_BIT_CONVERSION = YES;
				GCC_WARN_ABOUT_RETURN_TYPE = YES_ERROR;
				GCC_WARN_UNDECLARED_SELECTOR = YES;
				GCC_WARN_UNINITIALIZED_AUTOS = YES_AGGRESSIVE;
				GCC_WARN_UNUSED_FUNCTION = YES;
				GCC_WARN_UNUSED_VARIABLE = YES;
				IPHONEOS_DEPLOYMENT_TARGET = 14.0;
				MTL_ENABLE_DEBUG_INFO = NO;
				MTL_FAST_MATH = YES;
				SDKROOT = iphoneos;
				SWIFT_COMPILATION_MODE = wholemodule;
				SWIFT_OPTIMIZATION_LEVEL = "-O";
				VALIDATE_PRODUCT = YES;
			};
			name = Release;
		};
		6A6F6CE7299F0FB900514B4C /* Debug */ = {
			isa = XCBuildConfiguration;
			buildSettings = {
				ASSETCATALOG_COMPILER_APPICON_NAME = AppIcon;
				ASSETCATALOG_COMPILER_GLOBAL_ACCENT_COLOR_NAME = AccentColor;
				CODE_SIGN_STYLE = Automatic;
				CURRENT_PROJECT_VERSION = 1;
				DEVELOPMENT_TEAM = 2LY35T5AZ6;
				GENERATE_INFOPLIST_FILE = YES;
				INFOPLIST_FILE = RickMortyApp/Info.plist;
				INFOPLIST_KEY_CFBundleDisplayName = "Rick & Morty";
				INFOPLIST_KEY_UIApplicationSupportsIndirectInputEvents = YES;
				INFOPLIST_KEY_UILaunchStoryboardName = LaunchScreen;
				INFOPLIST_KEY_UISupportedInterfaceOrientations_iPad = "UIInterfaceOrientationPortrait UIInterfaceOrientationPortraitUpsideDown UIInterfaceOrientationLandscapeLeft UIInterfaceOrientationLandscapeRight";
				INFOPLIST_KEY_UISupportedInterfaceOrientations_iPhone = "UIInterfaceOrientationPortrait UIInterfaceOrientationLandscapeLeft UIInterfaceOrientationLandscapeRight";
				IPHONEOS_DEPLOYMENT_TARGET = 14.0;
				LD_RUNPATH_SEARCH_PATHS = (
					"$(inherited)",
					"@executable_path/Frameworks",
				);
				MARKETING_VERSION = 1.0;
				PRODUCT_BUNDLE_IDENTIFIER = Dhiman.RickMortyApp;
				PRODUCT_NAME = "$(TARGET_NAME)";
				SWIFT_EMIT_LOC_STRINGS = YES;
				SWIFT_VERSION = 5.0;
				TARGETED_DEVICE_FAMILY = "1,2";
			};
			name = Debug;
		};
		6A6F6CE8299F0FB900514B4C /* Release */ = {
			isa = XCBuildConfiguration;
			buildSettings = {
				ASSETCATALOG_COMPILER_APPICON_NAME = AppIcon;
				ASSETCATALOG_COMPILER_GLOBAL_ACCENT_COLOR_NAME = AccentColor;
				CODE_SIGN_STYLE = Automatic;
				CURRENT_PROJECT_VERSION = 1;
				DEVELOPMENT_TEAM = 2LY35T5AZ6;
				GENERATE_INFOPLIST_FILE = YES;
				INFOPLIST_FILE = RickMortyApp/Info.plist;
				INFOPLIST_KEY_CFBundleDisplayName = "Rick & Morty";
				INFOPLIST_KEY_UIApplicationSupportsIndirectInputEvents = YES;
				INFOPLIST_KEY_UILaunchStoryboardName = LaunchScreen;
				INFOPLIST_KEY_UISupportedInterfaceOrientations_iPad = "UIInterfaceOrientationPortrait UIInterfaceOrientationPortraitUpsideDown UIInterfaceOrientationLandscapeLeft UIInterfaceOrientationLandscapeRight";
				INFOPLIST_KEY_UISupportedInterfaceOrientations_iPhone = "UIInterfaceOrientationPortrait UIInterfaceOrientationLandscapeLeft UIInterfaceOrientationLandscapeRight";
				IPHONEOS_DEPLOYMENT_TARGET = 14.0;
				LD_RUNPATH_SEARCH_PATHS = (
					"$(inherited)",
					"@executable_path/Frameworks",
				);
				MARKETING_VERSION = 1.0;
				PRODUCT_BUNDLE_IDENTIFIER = Dhiman.RickMortyApp;
				PRODUCT_NAME = "$(TARGET_NAME)";
				SWIFT_EMIT_LOC_STRINGS = YES;
				SWIFT_VERSION = 5.0;
				TARGETED_DEVICE_FAMILY = "1,2";
			};
			name = Release;
		};
/* End XCBuildConfiguration section */

/* Begin XCConfigurationList section */
		6A6F6CCD299F0FB600514B4C /* Build configuration list for PBXProject "RickMortyApp" */ = {
			isa = XCConfigurationList;
			buildConfigurations = (
				6A6F6CE4299F0FB900514B4C /* Debug */,
				6A6F6CE5299F0FB900514B4C /* Release */,
			);
			defaultConfigurationIsVisible = 0;
			defaultConfigurationName = Release;
		};
		6A6F6CE6299F0FB900514B4C /* Build configuration list for PBXNativeTarget "RickMortyApp" */ = {
			isa = XCConfigurationList;
			buildConfigurations = (
				6A6F6CE7299F0FB900514B4C /* Debug */,
				6A6F6CE8299F0FB900514B4C /* Release */,
			);
			defaultConfigurationIsVisible = 0;
			defaultConfigurationName = Release;
		};
/* End XCConfigurationList section */
	};
	rootObject = 6A6F6CCA299F0FB600514B4C /* Project object */;
}
